
Microsoft Visual Studio Solution File, Format Version 12.00
# Visual Studio Version 17
VisualStudioVersion = 17.4.33213.308
MinimumVisualStudioVersion = 10.0.40219.1
Project("{9A19103F-16F7-4668-BE54-9A1E7A4F7556}") = "MudBlazorUICRUDApp.Server", "Server\MudBlazorUICRUDApp.Server.csproj", "{847A29B9-4214-4AA9-A238-1CB2C9087428}"
EndProject
Project("{9A19103F-16F7-4668-BE54-9A1E7A4F7556}") = "MudBlazorUICRUDApp.Client", "Client\MudBlazorUICRUDApp.Client.csproj", "{0A87AFC6-8F41-46E2-89B3-046C9B1E3D11}"
EndProject
Project("{9A19103F-16F7-4668-BE54-9A1E7A4F7556}") = "MudBlazorUICRUDApp.Shared", "Shared\MudBlazorUICRUDApp.Shared.csproj", "{081040A9-5C38-40B2-A0D9-21E522629C3B}"
EndProject
Global
	GlobalSection(SolutionConfigurationPlatforms) = preSolution
		Debug|Any CPU = Debug|Any CPU
		Release|Any CPU = Release|Any CPU
	EndGlobalSection
	GlobalSection(ProjectConfigurationPlatforms) = postSolution
		{847A29B9-4214-4AA9-A238-1CB2C9087428}.Debug|Any CPU.ActiveCfg = Debug|Any CPU
		{847A29B9-4214-4AA9-A238-1CB2C9087428}.Debug|Any CPU.Build.0 = Debug|Any CPU
		{847A29B9-4214-4AA9-A238-1CB2C9087428}.Release|Any CPU.ActiveCfg = Release|Any CPU
		{847A29B9-4214-4AA9-A238-1CB2C9087428}.Release|Any CPU.Build.0 = Release|Any CPU
		{0A87AFC6-8F41-46E2-89B3-046C9B1E3D11}.Debug|Any CPU.ActiveCfg = Debug|Any CPU
		{0A87AFC6-8F41-46E2-89B3-046C9B1E3D11}.Debug|Any CPU.Build.0 = Debug|Any CPU
		{0A87AFC6-8F41-46E2-89B3-046C9B1E3D11}.Release|Any CPU.ActiveCfg = Release|Any CPU
		{0A87AFC6-8F41-46E2-89B3-046C9B1E3D11}.Release|Any CPU.Build.0 = Release|Any CPU
		{081040A9-5C38-40B2-A0D9-21E522629C3B}.Debug|Any CPU.ActiveCfg = Debug|Any CPU
		{081040A9-5C38-40B2-A0D9-21E522629C3B}.Debug|Any CPU.Build.0 = Debug|Any CPU
		{081040A9-5C38-40B2-A0D9-21E522629C3B}.Release|Any CPU.ActiveCfg = Release|Any CPU
		{081040A9-5C38-40B2-A0D9-21E522629C3B}.Release|Any CPU.Build.0 = Release|Any CPU
	EndGlobalSection
	GlobalSection(SolutionProperties) = preSolution
		HideSolutionNode = FALSE
	EndGlobalSection
	GlobalSection(ExtensibilityGlobals) = postSolution
		SolutionGuid = {D0DA360C-690B-4687-827C-813C58CD15E0}
	EndGlobalSection
EndGlobal
